
Microsoft Visual Studio Solution File, Format Version 12.00
# Visual Studio Version 17
VisualStudioVersion = 17.0.32014.148
MinimumVisualStudioVersion = 10.0.40219.1
Project("{FAE04EC0-301F-11D3-BF4B-00C04F79EFBC}") = "EF_Api", "EF_Api\EF_Api.csproj", "{A84EC6BE-B0F2-4F43-80DD-1F60D6798578}"
EndProject
Project("{FAE04EC0-301F-11D3-BF4B-00C04F79EFBC}") = "Api_EFUnitTest", "Api_EFUnitTest\Api_EFUnitTest.csproj", "{7C7DBA7B-415F-454A-A7CA-901A41BE637D}"
EndProject
Global
	GlobalSection(SolutionConfigurationPlatforms) = preSolution
		Debug|Any CPU = Debug|Any CPU
		Release|Any CPU = Release|Any CPU
	EndGlobalSection
	GlobalSection(ProjectConfigurationPlatforms) = postSolution
		{A84EC6BE-B0F2-4F43-80DD-1F60D6798578}.Debug|Any CPU.ActiveCfg = Debug|Any CPU
		{A84EC6BE-B0F2-4F43-80DD-1F60D6798578}.Debug|Any CPU.Build.0 = Debug|Any CPU
		{A84EC6BE-B0F2-4F43-80DD-1F60D6798578}.Release|Any CPU.ActiveCfg = Release|Any CPU
		{A84EC6BE-B0F2-4F43-80DD-1F60D6798578}.Release|Any CPU.Build.0 = Release|Any CPU
		{7C7DBA7B-415F-454A-A7CA-901A41BE637D}.Debug|Any CPU.ActiveCfg = Debug|Any CPU
		{7C7DBA7B-415F-454A-A7CA-901A41BE637D}.Debug|Any CPU.Build.0 = Debug|Any CPU
		{7C7DBA7B-415F-454A-A7CA-901A41BE637D}.Release|Any CPU.ActiveCfg = Release|Any CPU
		{7C7DBA7B-415F-454A-A7CA-901A41BE637D}.Release|Any CPU.Build.0 = Release|Any CPU
	EndGlobalSection
	GlobalSection(SolutionProperties) = preSolution
		HideSolutionNode = FALSE
	EndGlobalSection
	GlobalSection(ExtensibilityGlobals) = postSolution
		SolutionGuid = {9B16D46F-D186-4210-802E-93F53DBB0AAC}
	EndGlobalSection
EndGlobal
